
Microsoft Visual Studio Solution File, Format Version 12.00
# Visual Studio Version 16
VisualStudioVersion = 16.0.29326.143
MinimumVisualStudioVersion = 10.0.40219.1
Project("{FAE04EC0-301F-11D3-BF4B-00C04F79EFBC}") = "ASP_Fundamental_1", "ASP_Fundamental_1\ASP_Fundamental_1.csproj", "{B63B299A-7809-4A08-9208-1BB2BE8AD073}"
EndProject
Global
	GlobalSection(SolutionConfigurationPlatforms) = preSolution
		Debug|Any CPU = Debug|Any CPU
		Release|Any CPU = Release|Any CPU
	EndGlobalSection
	GlobalSection(ProjectConfigurationPlatforms) = postSolution
		{B63B299A-7809-4A08-9208-1BB2BE8AD073}.Debug|Any CPU.ActiveCfg = Debug|Any CPU
		{B63B299A-7809-4A08-9208-1BB2BE8AD073}.Debug|Any CPU.Build.0 = Debug|Any CPU
		{B63B299A-7809-4A08-9208-1BB2BE8AD073}.Release|Any CPU.ActiveCfg = Release|Any CPU
		{B63B299A-7809-4A08-9208-1BB2BE8AD073}.Release|Any CPU.Build.0 = Release|Any CPU
	EndGlobalSection
	GlobalSection(SolutionProperties) = preSolution
		HideSolutionNode = FALSE
	EndGlobalSection
	GlobalSection(ExtensibilityGlobals) = postSolution
		SolutionGuid = {04158D7B-FE70-42EF-9985-6CB3EF38642E}
	EndGlobalSection
EndGlobal
